
Microsoft Visual Studio Solution File, Format Version 12.00
# Visual Studio Version 16
VisualStudioVersion = 16.0.31205.134
MinimumVisualStudioVersion = 10.0.40219.1
Project("{8BC9CEB8-8B4A-11D0-8D11-00A0C91BC942}") = "homework1", "homework1\homework1.vcxproj", "{A40A3839-6D70-4156-A8C2-D96B1790C85E}"
EndProject
Global
	GlobalSection(SolutionConfigurationPlatforms) = preSolution
		Debug|x64 = Debug|x64
		Debug|x86 = Debug|x86
		Release|x64 = Release|x64
		Release|x86 = Release|x86
	EndGlobalSection
	GlobalSection(ProjectConfigurationPlatforms) = postSolution
		{A40A3839-6D70-4156-A8C2-D96B1790C85E}.Debug|x64.ActiveCfg = Debug|x64
		{A40A3839-6D70-4156-A8C2-D96B1790C85E}.Debug|x64.Build.0 = Debug|x64
		{A40A3839-6D70-4156-A8C2-D96B1790C85E}.Debug|x86.ActiveCfg = Debug|Win32
		{A40A3839-6D70-4156-A8C2-D96B1790C85E}.Debug|x86.Build.0 = Debug|Win32
		{A40A3839-6D70-4156-A8C2-D96B1790C85E}.Release|x64.ActiveCfg = Release|x64
		{A40A3839-6D70-4156-A8C2-D96B1790C85E}.Release|x64.Build.0 = Release|x64
		{A40A3839-6D70-4156-A8C2-D96B1790C85E}.Release|x86.ActiveCfg = Release|Win32
		{A40A3839-6D70-4156-A8C2-D96B1790C85E}.Release|x86.Build.0 = Release|Win32
	EndGlobalSection
	GlobalSection(SolutionProperties) = preSolution
		HideSolutionNode = FALSE
	EndGlobalSection
	GlobalSection(ExtensibilityGlobals) = postSolution
		SolutionGuid = {A08D6AFD-CD7A-4DA9-90E3-1840815D6D0B}
	EndGlobalSection
EndGlobal
